
Microsoft Visual Studio Solution File, Format Version 12.00
# Visual Studio Version 17
VisualStudioVersion = 17.2.32526.322
MinimumVisualStudioVersion = 10.0.40219.1
Project("{9A19103F-16F7-4668-BE54-9A1E7A4F7556}") = "ShellFileDialogs", "src\ShellFileDialogs\ShellFileDialogs.csproj", "{EDFF3140-5177-439A-99F2-5CBAC9EB5021}"
EndProject
Global
	GlobalSection(SolutionConfigurationPlatforms) = preSolution
		Debug|x64 = Debug|x64
		Debug|x86 = Debug|x86
		Release|x64 = Release|x64
		Release|x86 = Release|x86
	EndGlobalSection
	GlobalSection(ProjectConfigurationPlatforms) = postSolution
		{EDFF3140-5177-439A-99F2-5CBAC9EB5021}.Debug|x64.ActiveCfg = Debug|x64
		{EDFF3140-5177-439A-99F2-5CBAC9EB5021}.Debug|x64.Build.0 = Debug|x64
		{EDFF3140-5177-439A-99F2-5CBAC9EB5021}.Debug|x86.ActiveCfg = Debug|x86
		{EDFF3140-5177-439A-99F2-5CBAC9EB5021}.Debug|x86.Build.0 = Debug|x86
		{EDFF3140-5177-439A-99F2-5CBAC9EB5021}.Release|x64.ActiveCfg = Release|x64
		{EDFF3140-5177-439A-99F2-5CBAC9EB5021}.Release|x64.Build.0 = Release|x64
		{EDFF3140-5177-439A-99F2-5CBAC9EB5021}.Release|x86.ActiveCfg = Release|x86
		{EDFF3140-5177-439A-99F2-5CBAC9EB5021}.Release|x86.Build.0 = Release|x86
	EndGlobalSection
	GlobalSection(SolutionProperties) = preSolution
		HideSolutionNode = FALSE
	EndGlobalSection
	GlobalSection(ExtensibilityGlobals) = postSolution
		SolutionGuid = {8988B6F4-F5F5-4D8F-AFDD-E03E6B68D6DA}
	EndGlobalSection
EndGlobal
